
Microsoft Visual Studio Solution File, Format Version 12.00
# Visual Studio Version 16
VisualStudioVersion = 16.0.30517.126
MinimumVisualStudioVersion = 10.0.40219.1
Project("{FAE04EC0-301F-11D3-BF4B-00C04F79EFBC}") = "WinEasy", "WinEasy\WinEasy.csproj", "{F5844802-FCEB-4100-AF80-07384B376819}"
EndProject
Global
	GlobalSection(SolutionConfigurationPlatforms) = preSolution
		Debug|Any CPU = Debug|Any CPU
		Release|Any CPU = Release|Any CPU
	EndGlobalSection
	GlobalSection(ProjectConfigurationPlatforms) = postSolution
		{F5844802-FCEB-4100-AF80-07384B376819}.Debug|Any CPU.ActiveCfg = Debug|Any CPU
		{F5844802-FCEB-4100-AF80-07384B376819}.Debug|Any CPU.Build.0 = Debug|Any CPU
		{F5844802-FCEB-4100-AF80-07384B376819}.Release|Any CPU.ActiveCfg = Release|Any CPU
		{F5844802-FCEB-4100-AF80-07384B376819}.Release|Any CPU.Build.0 = Release|Any CPU
	EndGlobalSection
	GlobalSection(SolutionProperties) = preSolution
		HideSolutionNode = FALSE
	EndGlobalSection
	GlobalSection(ExtensibilityGlobals) = postSolution
		SolutionGuid = {480F6BB3-08EF-4994-B0C1-C646F804C0EA}
	EndGlobalSection
EndGlobal
